
Microsoft Visual Studio Solution File, Format Version 12.00
# Visual Studio Version 17
VisualStudioVersion = 17.4.33205.214
MinimumVisualStudioVersion = 10.0.40219.1
Project("{FAE04EC0-301F-11D3-BF4B-00C04F79EFBC}") = "Week13SQLiteDB", "Week13SQLiteDB\Week13SQLiteDB.csproj", "{A995A750-2F2A-45BC-9DC8-39779AD38CB5}"
EndProject
Global
	GlobalSection(SolutionConfigurationPlatforms) = preSolution
		Debug|Any CPU = Debug|Any CPU
		Release|Any CPU = Release|Any CPU
	EndGlobalSection
	GlobalSection(ProjectConfigurationPlatforms) = postSolution
		{A995A750-2F2A-45BC-9DC8-39779AD38CB5}.Debug|Any CPU.ActiveCfg = Debug|Any CPU
		{A995A750-2F2A-45BC-9DC8-39779AD38CB5}.Debug|Any CPU.Build.0 = Debug|Any CPU
		{A995A750-2F2A-45BC-9DC8-39779AD38CB5}.Release|Any CPU.ActiveCfg = Release|Any CPU
		{A995A750-2F2A-45BC-9DC8-39779AD38CB5}.Release|Any CPU.Build.0 = Release|Any CPU
	EndGlobalSection
	GlobalSection(SolutionProperties) = preSolution
		HideSolutionNode = FALSE
	EndGlobalSection
	GlobalSection(ExtensibilityGlobals) = postSolution
		SolutionGuid = {8E86422F-DF2B-466F-B3D0-5D5E4C7BD7C2}
	EndGlobalSection
EndGlobal
